// !$*UTF8*$!
{
	archiveVersion = 1;
	classes = {
	};
	objectVersion = 50;
	objects = {

/* Begin PBXBuildFile section */
		52DF59DD2254D980003D1B8D /* AppDelegate.swift in Sources */ = {isa = PBXBuildFile; fileRef = 52DF59DC2254D980003D1B8D /* AppDelegate.swift */; };
		52DF59DF2254D980003D1B8D /* ViewController.swift in Sources */ = {isa = PBXBuildFile; fileRef = 52DF59DE2254D980003D1B8D /* ViewController.swift */; };
		52DF59E22254D980003D1B8D /* Main.storyboard in Resources */ = {isa = PBXBuildFile; fileRef = 52DF59E02254D980003D1B8D /* Main.storyboard */; };
		52DF59E42254D981003D1B8D /* Assets.xcassets in Resources */ = {isa = PBXBuildFile; fileRef = 52DF59E32254D981003D1B8D /* Assets.xcassets */; };
		52DF59E72254D981003D1B8D /* LaunchScreen.storyboard in Resources */ = {isa = PBXBuildFile; fileRef = 52DF59E52254D981003D1B8D /* LaunchScreen.storyboard */; };
		52DF59F022559067003D1B8D /* README.md in Resources */ = {isa = PBXBuildFile; fileRef = 52DF59EF22559067003D1B8D /* README.md */; };
		52DF59F322559570003D1B8D /* screenshot.gif in Resources */ = {isa = PBXBuildFile; fileRef = 52DF59F222559570003D1B8D /* screenshot.gif */; };
/* End PBXBuildFile section */

/* Begin PBXFileReference section */
		52DF59D92254D980003D1B8D /* Customize iPhone.app */ = {isa = PBXFileReference; explicitFileType = wrapper.application; includeInIndex = 0; path = "Customize iPhone.app"; sourceTree = BUILT_PRODUCTS_DIR; };
		52DF59DC2254D980003D1B8D /* AppDelegate.swift */ = {isa = PBXFileReference; lastKnownFileType = sourcecode.swift; path = AppDelegate.swift; sourceTree = "<group>"; };
		52DF59DE2254D980003D1B8D /* ViewController.swift */ = {isa = PBXFileReference; lastKnownFileType = sourcecode.swift; path = ViewController.swift; sourceTree = "<group>"; };
		52DF59E12254D980003D1B8D /* Base */ = {isa = PBXFileReference; lastKnownFileType = file.storyboard; name = Base; path = Base.lproj/Main.storyboard; sourceTree = "<group>"; };
		52DF59E32254D981003D1B8D /* Assets.xcassets */ = {isa = PBXFileReference; lastKnownFileType = folder.assetcatalog; path = Assets.xcassets; sourceTree = "<group>"; };
		52DF59E62254D981003D1B8D /* Base */ = {isa = PBXFileReference; lastKnownFileType = file.storyboard; name = Base; path = Base.lproj/LaunchScreen.storyboard; sourceTree = "<group>"; };
		52DF59E82254D981003D1B8D /* Info.plist */ = {isa = PBXFileReference; lastKnownFileType = text.plist.xml; path = Info.plist; sourceTree = "<group>"; };
		52DF59EF22559067003D1B8D /* README.md */ = {isa = PBXFileReference; lastKnownFileType = net.daringfireball.markdown; path = README.md; sourceTree = "<group>"; };
		52DF59F222559570003D1B8D /* screenshot.gif */ = {isa = PBXFileReference; lastKnownFileType = image.gif; path = screenshot.gif; sourceTree = "<group>"; };
/* End PBXFileReference section */

/* Begin PBXFrameworksBuildPhase section */
		52DF59D62254D980003D1B8D /* Frameworks */ = {
			isa = PBXFrameworksBuildPhase;
			buildActionMask = 2147483647;
			files = (
			);
			runOnlyForDeploymentPostprocessing = 0;
		};
/* End PBXFrameworksBuildPhase section */

/* Begin PBXGroup section */
		52DF59D02254D980003D1B8D = {
			isa = PBXGroup;
			children = (
				52DF59F122559195003D1B8D /* README_resource */,
				52DF59EF22559067003D1B8D /* README.md */,
				52DF59DB2254D980003D1B8D /* Customize iPhone */,
				52DF59DA2254D980003D1B8D /* Products */,
			);
			sourceTree = "<group>";
		};
		52DF59DA2254D980003D1B8D /* Products */ = {
			isa = PBXGroup;
			children = (
				52DF59D92254D980003D1B8D /* Customize iPhone.app */,
			);
			name = Products;
			sourceTree = "<group>";
		};
		52DF59DB2254D980003D1B8D /* Customize iPhone */ = {
			isa = PBXGroup;
			children = (
				52DF59DC2254D980003D1B8D /* AppDelegate.swift */,
				52DF59DE2254D980003D1B8D /* ViewController.swift */,
				52DF59E02254D980003D1B8D /* Main.storyboard */,
				52DF59E32254D981003D1B8D /* Assets.xcassets */,
				52DF59E52254D981003D1B8D /* LaunchScreen.storyboard */,
				52DF59E82254D981003D1B8D /* Info.plist */,
			);
			path = "Customize iPhone";
			sourceTree = "<group>";
		};
		52DF59F122559195003D1B8D /* README_resource */ = {
			isa = PBXGroup;
			children = (
				52DF59F222559570003D1B8D /* screenshot.gif */,
			);
			path = README_resource;
			sourceTree = "<group>";
		};
/* End PBXGroup section */

/* Begin PBXNativeTarget section */
		52DF59D82254D980003D1B8D /* Customize iPhone */ = {
			isa = PBXNativeTarget;
			buildConfigurationList = 52DF59EB2254D981003D1B8D /* Build configuration list for PBXNativeTarget "Customize iPhone" */;
			buildPhases = (
				52DF59D52254D980003D1B8D /* Sources */,
				52DF59D62254D980003D1B8D /* Frameworks */,
				52DF59D72254D980003D1B8D /* Resources */,
			);
			buildRules = (
			);
			dependencies = (
			);
			name = "Customize iPhone";
			productName = "Customize iPhone";
			productReference = 52DF59D92254D980003D1B8D /* Customize iPhone.app */;
			productType = "com.apple.product-type.application";
		};
/* End PBXNativeTarget section */

/* Begin PBXProject section */
		52DF59D12254D980003D1B8D /* Project object */ = {
			isa = PBXProject;
			attributes = {
				LastSwiftUpdateCheck = 1020;
				LastUpgradeCheck = 1020;
				ORGANIZATIONNAME = "劉玟慶";
				TargetAttributes = {
					52DF59D82254D980003D1B8D = {
						CreatedOnToolsVersion = 10.2;
					};
				};
			};
			buildConfigurationList = 52DF59D42254D980003D1B8D /* Build configuration list for PBXProject "Customize iPhone" */;
			compatibilityVersion = "Xcode 9.3";
			developmentRegion = en;
			hasScannedForEncodings = 0;
			knownRegions = (
				en,
				Base,
			);
			mainGroup = 52DF59D02254D980003D1B8D;
			productRefGroup = 52DF59DA2254D980003D1B8D /* Products */;
			projectDirPath = "";
			projectRoot = "";
			targets = (
				52DF59D82254D980003D1B8D /* Customize iPhone */,
			);
		};
/* End PBXProject section */

/* Begin PBXResourcesBuildPhase section */
		52DF59D72254D980003D1B8D /* Resources */ = {
			isa = PBXResourcesBuildPhase;
			buildActionMask = 2147483647;
			files = (
				52DF59E72254D981003D1B8D /* LaunchScreen.storyboard in Resources */,
				52DF59E42254D981003D1B8D /* Assets.xcassets in Resources */,
				52DF59F022559067003D1B8D /* README.md in Resources */,
				52DF59E22254D980003D1B8D /* Main.storyboard in Resources */,
				52DF59F322559570003D1B8D /* screenshot.gif in Resources */,
			);
			runOnlyForDeploymentPostprocessing = 0;
		};
/* End PBXResourcesBuildPhase section */

/* Begin PBXSourcesBuildPhase section */
		52DF59D52254D980003D1B8D /* Sources */ = {
			isa = PBXSourcesBuildPhase;
			buildActionMask = 2147483647;
			files = (
				52DF59DF2254D980003D1B8D /* ViewController.swift in Sources */,
				52DF59DD2254D980003D1B8D /* AppDelegate.swift in Sources */,
			);
			runOnlyForDeploymentPostprocessing = 0;
		};
/* End PBXSourcesBuildPhase section */

/* Begin PBXVariantGroup section */
		52DF59E02254D980003D1B8D /* Main.storyboard */ = {
			isa = PBXVariantGroup;
			children = (
				52DF59E12254D980003D1B8D /* Base */,
			);
			name = Main.storyboard;
			sourceTree = "<group>";
		};
		52DF59E52254D981003D1B8D /* LaunchScreen.storyboard */ = {
			isa = PBXVariantGroup;
			children = (
				52DF59E62254D981003D1B8D /* Base */,
			);
			name = LaunchScreen.storyboard;
			sourceTree = "<group>";
		};
/* End PBXVariantGroup section */

/* Begin XCBuildConfiguration section */
		52DF59E92254D981003D1B8D /* Debug */ = {
			isa = XCBuildConfiguration;
			buildSettings = {
				ALWAYS_SEARCH_USER_PATHS = NO;
				CLANG_ANALYZER_NONNULL = YES;
				CLANG_ANALYZER_NUMBER_OBJECT_CONVERSION = YES_AGGRESSIVE;
				CLANG_CXX_LANGUAGE_STANDARD = "gnu++14";
				CLANG_CXX_LIBRARY = "libc++";
				CLANG_ENABLE_MODULES = YES;
				CLANG_ENABLE_OBJC_ARC = YES;
				CLANG_ENABLE_OBJC_WEAK = YES;
				CLANG_WARN_BLOCK_CAPTURE_AUTORELEASING = YES;
				CLANG_WARN_BOOL_CONVERSION = YES;
				CLANG_WARN_COMMA = YES;
				CLANG_WARN_CONSTANT_CONVERSION = YES;
				CLANG_WARN_DEPRECATED_OBJC_IMPLEMENTATIONS = YES;
				CLANG_WARN_DIRECT_OBJC_ISA_USAGE = YES_ERROR;
				CLANG_WARN_DOCUMENTATION_COMMENTS = YES;
				CLANG_WARN_EMPTY_BODY = YES;
				CLANG_WARN_ENUM_CONVERSION = YES;
				CLANG_WARN_INFINITE_RECURSION = YES;
				CLANG_WARN_INT_CONVERSION = YES;
				CLANG_WARN_NON_LITERAL_NULL_CONVERSION = YES;
				CLANG_WARN_OBJC_IMPLICIT_RETAIN_SELF = YES;
				CLANG_WARN_OBJC_LITERAL_CONVERSION = YES;
				CLANG_WARN_OBJC_ROOT_CLASS = YES_ERROR;
				CLANG_WARN_RANGE_LOOP_ANALYSIS = YES;
				CLANG_WARN_STRICT_PROTOTYPES = YES;
				CLANG_WARN_SUSPICIOUS_MOVE = YES;
				CLANG_WARN_UNGUARDED_AVAILABILITY = YES_AGGRESSIVE;
				CLANG_WARN_UNREACHABLE_CODE = YES;
				CLANG_WARN__DUPLICATE_METHOD_MATCH = YES;
				CODE_SIGN_IDENTITY = "iPhone Developer";
				COPY_PHASE_STRIP = NO;
				DEBUG_INFORMATION_FORMAT = dwarf;
				ENABLE_STRICT_OBJC_MSGSEND = YES;
				ENABLE_TESTABILITY = YES;
				GCC_C_LANGUAGE_STANDARD = gnu11;
				GCC_DYNAMIC_NO_PIC = NO;
				GCC_NO_COMMON_BLOCKS = YES;
				GCC_OPTIMIZATION_LEVEL = 0;
				GCC_PREPROCESSOR_DEFINITIONS = (
					"DEBUG=1",
					"$(inherited)",
				);
				GCC_WARN_64_TO_32_BIT_CONVERSION = YES;
				GCC_WARN_ABOUT_RETURN_TYPE = YES_ERROR;
				GCC_WARN_UNDECLARED_SELECTOR = YES;
				GCC_WARN_UNINITIALIZED_AUTOS = YES_AGGRESSIVE;
				GCC_WARN_UNUSED_FUNCTION = YES;
				GCC_WARN_UNUSED_VARIABLE = YES;
				IPHONEOS_DEPLOYMENT_TARGET = 12.2;
				MTL_ENABLE_DEBUG_INFO = INCLUDE_SOURCE;
				MTL_FAST_MATH = YES;
				ONLY_ACTIVE_ARCH = YES;
				SDKROOT = iphoneos;
				SWIFT_ACTIVE_COMPILATION_CONDITIONS = DEBUG;
				SWIFT_OPTIMIZATION_LEVEL = "-Onone";
			};
			name = Debug;
		};
		52DF59EA2254D981003D1B8D /* Release */ = {
			isa = XCBuildConfiguration;
			buildSettings = {
				ALWAYS_SEARCH_USER_PATHS = NO;
				CLANG_ANALYZER_NONNULL = YES;
				CLANG_ANALYZER_NUMBER_OBJECT_CONVERSION = YES_AGGRESSIVE;
				CLANG_CXX_LANGUAGE_STANDARD = "gnu++14";
				CLANG_CXX_LIBRARY = "libc++";
				CLANG_ENABLE_MODULES = YES;
				CLANG_ENABLE_OBJC_ARC = YES;
				CLANG_ENABLE_OBJC_WEAK = YES;
				CLANG_WARN_BLOCK_CAPTURE_AUTORELEASING = YES;
				CLANG_WARN_BOOL_CONVERSION = YES;
				CLANG_WARN_COMMA = YES;
				CLANG_WARN_CONSTANT_CONVERSION = YES;
				CLANG_WARN_DEPRECATED_OBJC_IMPLEMENTATIONS = YES;
				CLANG_WARN_DIRECT_OBJC_ISA_USAGE = YES_ERROR;
				CLANG_WARN_DOCUMENTATION_COMMENTS = YES;
				CLANG_WARN_EMPTY_BODY = YES;
				CLANG_WARN_ENUM_CONVERSION = YES;
				CLANG_WARN_INFINITE_RECURSION = YES;
				CLANG_WARN_INT_CONVERSION = YES;
				CLANG_WARN_NON_LITERAL_NULL_CONVERSION = YES;
				CLANG_WARN_OBJC_IMPLICIT_RETAIN_SELF = YES;
				CLANG_WARN_OBJC_LITERAL_CONVERSION = YES;
				CLANG_WARN_OBJC_ROOT_CLASS = YES_ERROR;
				CLANG_WARN_RANGE_LOOP_ANALYSIS = YES;
				CLANG_WARN_STRICT_PROTOTYPES = YES;
				CLANG_WARN_SUSPICIOUS_MOVE = YES;
				CLANG_WARN_UNGUARDED_AVAILABILITY = YES_AGGRESSIVE;
				CLANG_WARN_UNREACHABLE_CODE = YES;
				CLANG_WARN__DUPLICATE_METHOD_MATCH = YES;
				CODE_SIGN_IDENTITY = "iPhone Developer";
				COPY_PHASE_STRIP = NO;
				DEBUG_INFORMATION_FORMAT = "dwarf-with-dsym";
				ENABLE_NS_ASSERTIONS = NO;
				ENABLE_STRICT_OBJC_MSGSEND = YES;
				GCC_C_LANGUAGE_STANDARD = gnu11;
				GCC_NO_COMMON_BLOCKS = YES;
				GCC_WARN_64_TO_32_BIT_CONVERSION = YES;
				GCC_WARN_ABOUT_RETURN_TYPE = YES_ERROR;
				GCC_WARN_UNDECLARED_SELECTOR = YES;
				GCC_WARN_UNINITIALIZED_AUTOS = YES_AGGRESSIVE;
				GCC_WARN_UNUSED_FUNCTION = YES;
				GCC_WARN_UNUSED_VARIABLE = YES;
				IPHONEOS_DEPLOYMENT_TARGET = 12.2;
				MTL_ENABLE_DEBUG_INFO = NO;
				MTL_FAST_MATH = YES;
				SDKROOT = iphoneos;
				SWIFT_COMPILATION_MODE = wholemodule;
				SWIFT_OPTIMIZATION_LEVEL = "-O";
				VALIDATE_PRODUCT = YES;
			};
			name = Release;
		};
		52DF59EC2254D981003D1B8D /* Debug */ = {
			isa = XCBuildConfiguration;
			buildSettings = {
				ASSETCATALOG_COMPILER_APPICON_NAME = AppIcon;
				CODE_SIGN_STYLE = Automatic;
				INFOPLIST_FILE = "Customize iPhone/Info.plist";
				LD_RUNPATH_SEARCH_PATHS = (
					"$(inherited)",
					"@executable_path/Frameworks",
				);
				PRODUCT_BUNDLE_IDENTIFIER = "Venson.Customize-iPhone";
				PRODUCT_NAME = "$(TARGET_NAME)";
				SWIFT_VERSION = 5.0;
				TARGETED_DEVICE_FAMILY = "1,2";
			};
			name = Debug;
		};
		52DF59ED2254D981003D1B8D /* Release */ = {
			isa = XCBuildConfiguration;
			buildSettings = {
				ASSETCATALOG_COMPILER_APPICON_NAME = AppIcon;
				CODE_SIGN_STYLE = Automatic;
				INFOPLIST_FILE = "Customize iPhone/Info.plist";
				LD_RUNPATH_SEARCH_PATHS = (
					"$(inherited)",
					"@executable_path/Frameworks",
				);
				PRODUCT_BUNDLE_IDENTIFIER = "Venson.Customize-iPhone";
				PRODUCT_NAME = "$(TARGET_NAME)";
				SWIFT_VERSION = 5.0;
				TARGETED_DEVICE_FAMILY = "1,2";
			};
			name = Release;
		};
/* End XCBuildConfiguration section */

/* Begin XCConfigurationList section */
		52DF59D42254D980003D1B8D /* Build configuration list for PBXProject "Customize iPhone" */ = {
			isa = XCConfigurationList;
			buildConfigurations = (
				52DF59E92254D981003D1B8D /* Debug */,
				52DF59EA2254D981003D1B8D /* Release */,
			);
			defaultConfigurationIsVisible = 0;
			defaultConfigurationName = Release;
		};
		52DF59EB2254D981003D1B8D /* Build configuration list for PBXNativeTarget "Customize iPhone" */ = {
			isa = XCConfigurationList;
			buildConfigurations = (
				52DF59EC2254D981003D1B8D /* Debug */,
				52DF59ED2254D981003D1B8D /* Release */,
			);
			defaultConfigurationIsVisible = 0;
			defaultConfigurationName = Release;
		};
/* End XCConfigurationList section */
	};
	rootObject = 52DF59D12254D980003D1B8D /* Project object */;
}
